// !$*UTF8*$!
{
	archiveVersion = 1;
	classes = {
	};
	objectVersion = 46;
	objects = {

/* Begin PBXBuildFile section */
		8F7B01451E31DF7E000755A4 /* Info.plist in Resources */ = {isa = PBXBuildFile; fileRef = 8F7B01441E31DF7E000755A4 /* Info.plist */; };
		8FFCE92F1E74242E0036D490 /* NSData+LSF.h in Headers */ = {isa = PBXBuildFile; fileRef = 8FFCE8EE1E74242E0036D490 /* NSData+LSF.h */; };
		8FFCE9301E74242E0036D490 /* NSData+LSF.m in Sources */ = {isa = PBXBuildFile; fileRef = 8FFCE8EF1E74242E0036D490 /* NSData+LSF.m */; };
		8FFCE9311E74242E0036D490 /* NSDate+LSF.h in Headers */ = {isa = PBXBuildFile; fileRef = 8FFCE8F01E74242E0036D490 /* NSDate+LSF.h */; };
		8FFCE9321E74242E0036D490 /* NSDate+LSF.m in Sources */ = {isa = PBXBuildFile; fileRef = 8FFCE8F11E74242E0036D490 /* NSDate+LSF.m */; };
		8FFCE9331E74242E0036D490 /* NSObject+LSF.h in Headers */ = {isa = PBXBuildFile; fileRef = 8FFCE8F21E74242E0036D490 /* NSObject+LSF.h */; };
		8FFCE9341E74242E0036D490 /* NSObject+LSF.m in Sources */ = {isa = PBXBuildFile; fileRef = 8FFCE8F31E74242E0036D490 /* NSObject+LSF.m */; };
		8FFCE9351E74242E0036D490 /* NSString+LSF.h in Headers */ = {isa = PBXBuildFile; fileRef = 8FFCE8F41E74242E0036D490 /* NSString+LSF.h */; };
		8FFCE9361E74242E0036D490 /* NSString+LSF.m in Sources */ = {isa = PBXBuildFile; fileRef = 8FFCE8F51E74242E0036D490 /* NSString+LSF.m */; };
		8FFCE9371E74242E0036D490 /* NSURL+LSF.h in Headers */ = {isa = PBXBuildFile; fileRef = 8FFCE8F61E74242E0036D490 /* NSURL+LSF.h */; };
		8FFCE9381E74242E0036D490 /* NSURL+LSF.m in Sources */ = {isa = PBXBuildFile; fileRef = 8FFCE8F71E74242E0036D490 /* NSURL+LSF.m */; };
		8FFCE9391E74242E0036D490 /* LSFLog.h in Headers */ = {isa = PBXBuildFile; fileRef = 8FFCE8F91E74242E0036D490 /* LSFLog.h */; };
		8FFCE93A1E74242E0036D490 /* LSFLogManager.h in Headers */ = {isa = PBXBuildFile; fileRef = 8FFCE8FA1E74242E0036D490 /* LSFLogManager.h */; };
		8FFCE93B1E74242E0036D490 /* LSFLogManager.m in Sources */ = {isa = PBXBuildFile; fileRef = 8FFCE8FB1E74242E0036D490 /* LSFLogManager.m */; };
		8FFCE93C1E74242E0036D490 /* LSF_AppMacros.h in Headers */ = {isa = PBXBuildFile; fileRef = 8FFCE8FC1E74242E0036D490 /* LSF_AppMacros.h */; };
		8FFCE93D1E74242E0036D490 /* UIDevice+LSF.h in Headers */ = {isa = PBXBuildFile; fileRef = 8FFCE8FE1E74242E0036D490 /* UIDevice+LSF.h */; };
		8FFCE93E1E74242E0036D490 /* UIDevice+LSF.m in Sources */ = {isa = PBXBuildFile; fileRef = 8FFCE8FF1E74242E0036D490 /* UIDevice+LSF.m */; };
		8FFCE93F1E74242E0036D490 /* UIImage+LSF.h in Headers */ = {isa = PBXBuildFile; fileRef = 8FFCE9001E74242E0036D490 /* UIImage+LSF.h */; };
		8FFCE9401E74242E0036D490 /* UIImage+LSF.m in Sources */ = {isa = PBXBuildFile; fileRef = 8FFCE9011E74242E0036D490 /* UIImage+LSF.m */; };
		8FFCE9411E74242E0036D490 /* UIView+LSF.h in Headers */ = {isa = PBXBuildFile; fileRef = 8FFCE9021E74242E0036D490 /* UIView+LSF.h */; };
		8FFCE9421E74242E0036D490 /* UIView+LSF.m in Sources */ = {isa = PBXBuildFile; fileRef = 8FFCE9031E74242E0036D490 /* UIView+LSF.m */; };
		8FFCE9431E74242E0036D490 /* UIViewController+LSF.h in Headers */ = {isa = PBXBuildFile; fileRef = 8FFCE9041E74242E0036D490 /* UIViewController+LSF.h */; };
		8FFCE9441E74242E0036D490 /* UIViewController+LSF.m in Sources */ = {isa = PBXBuildFile; fileRef = 8FFCE9051E74242E0036D490 /* UIViewController+LSF.m */; };
		8FFCE9451E74242E0036D490 /* LSFActionShowModel.h in Headers */ = {isa = PBXBuildFile; fileRef = 8FFCE9091E74242E0036D490 /* LSFActionShowModel.h */; };
		8FFCE9461E74242E0036D490 /* LSFActionShowModel.m in Sources */ = {isa = PBXBuildFile; fileRef = 8FFCE90A1E74242E0036D490 /* LSFActionShowModel.m */; };
		8FFCE9471E74242E0036D490 /* LSFActionShowViewController.h in Headers */ = {isa = PBXBuildFile; fileRef = 8FFCE90B1E74242E0036D490 /* LSFActionShowViewController.h */; };
		8FFCE9481E74242E0036D490 /* LSFActionShowViewController.m in Sources */ = {isa = PBXBuildFile; fileRef = 8FFCE90C1E74242E0036D490 /* LSFActionShowViewController.m */; };
		8FFCE9491E74242E0036D490 /* LSFActionShowCollectionViewCell.h in Headers */ = {isa = PBXBuildFile; fileRef = 8FFCE90E1E74242E0036D490 /* LSFActionShowCollectionViewCell.h */; };
		8FFCE94A1E74242E0036D490 /* LSFActionShowCollectionViewCell.m in Sources */ = {isa = PBXBuildFile; fileRef = 8FFCE90F1E74242E0036D490 /* LSFActionShowCollectionViewCell.m */; };
		8FFCE94B1E74242E0036D490 /* LSFActionShowTableViewCell.h in Headers */ = {isa = PBXBuildFile; fileRef = 8FFCE9101E74242E0036D490 /* LSFActionShowTableViewCell.h */; };
		8FFCE94C1E74242E0036D490 /* LSFActionShowTableViewCell.m in Sources */ = {isa = PBXBuildFile; fileRef = 8FFCE9111E74242E0036D490 /* LSFActionShowTableViewCell.m */; };
		8FFCE94D1E74242E0036D490 /* LSFActionShowViewController.storyboard in Resources */ = {isa = PBXBuildFile; fileRef = 8FFCE9121E74242E0036D490 /* LSFActionShowViewController.storyboard */; };
		8FFCE9501E74242E0036D490 /* LSFNavigationController.h in Headers */ = {isa = PBXBuildFile; fileRef = 8FFCE9151E74242E0036D490 /* LSFNavigationController.h */; };
		8FFCE9511E74242E0036D490 /* LSFNavigationController.m in Sources */ = {isa = PBXBuildFile; fileRef = 8FFCE9161E74242E0036D490 /* LSFNavigationController.m */; };
		8FFCE9521E74242E0036D490 /* LSFShowViewController.h in Headers */ = {isa = PBXBuildFile; fileRef = 8FFCE9171E74242E0036D490 /* LSFShowViewController.h */; };
		8FFCE9531E74242E0036D490 /* LSFShowViewController.m in Sources */ = {isa = PBXBuildFile; fileRef = 8FFCE9181E74242E0036D490 /* LSFShowViewController.m */; };
		8FFCE9541E74242E0036D490 /* LSFTableViewController.h in Headers */ = {isa = PBXBuildFile; fileRef = 8FFCE9191E74242E0036D490 /* LSFTableViewController.h */; };
		8FFCE9551E74242E0036D490 /* LSFTableViewController.m in Sources */ = {isa = PBXBuildFile; fileRef = 8FFCE91A1E74242E0036D490 /* LSFTableViewController.m */; };
		8FFCE9561E74242E0036D490 /* LSFViewController.h in Headers */ = {isa = PBXBuildFile; fileRef = 8FFCE91B1E74242E0036D490 /* LSFViewController.h */; };
		8FFCE9571E74242E0036D490 /* LSFViewController.m in Sources */ = {isa = PBXBuildFile; fileRef = 8FFCE91C1E74242E0036D490 /* LSFViewController.m */; };
		8FFCE95A1E74242E0036D490 /* LSFKit.h in Headers */ = {isa = PBXBuildFile; fileRef = 8FFCE9201E74242E0036D490 /* LSFKit.h */; };
		8FFCE9611E74242E0036D490 /* LSFCamera.h in Headers */ = {isa = PBXBuildFile; fileRef = 8FFCE92A1E74242E0036D490 /* LSFCamera.h */; };
		8FFCE9621E74242E0036D490 /* LSFCamera.m in Sources */ = {isa = PBXBuildFile; fileRef = 8FFCE92B1E74242E0036D490 /* LSFCamera.m */; };
/* End PBXBuildFile section */

/* Begin PBXFileReference section */
		8F7B01391E31DEF2000755A4 /* LSFKit.framework */ = {isa = PBXFileReference; explicitFileType = wrapper.framework; includeInIndex = 0; path = LSFKit.framework; sourceTree = BUILT_PRODUCTS_DIR; };
		8F7B01441E31DF7E000755A4 /* Info.plist */ = {isa = PBXFileReference; fileEncoding = 4; lastKnownFileType = text.plist.xml; path = Info.plist; sourceTree = "<group>"; };
		8F996C841E528DB800988E8A /* LSFKit.podspec */ = {isa = PBXFileReference; lastKnownFileType = text; name = LSFKit.podspec; path = ../LSFKit.podspec; sourceTree = "<group>"; };
		8FFCE8EE1E74242E0036D490 /* NSData+LSF.h */ = {isa = PBXFileReference; fileEncoding = 4; lastKnownFileType = sourcecode.c.h; path = "NSData+LSF.h"; sourceTree = "<group>"; };
		8FFCE8EF1E74242E0036D490 /* NSData+LSF.m */ = {isa = PBXFileReference; fileEncoding = 4; lastKnownFileType = sourcecode.c.objc; path = "NSData+LSF.m"; sourceTree = "<group>"; };
		8FFCE8F01E74242E0036D490 /* NSDate+LSF.h */ = {isa = PBXFileReference; fileEncoding = 4; lastKnownFileType = sourcecode.c.h; path = "NSDate+LSF.h"; sourceTree = "<group>"; };
		8FFCE8F11E74242E0036D490 /* NSDate+LSF.m */ = {isa = PBXFileReference; fileEncoding = 4; lastKnownFileType = sourcecode.c.objc; path = "NSDate+LSF.m"; sourceTree = "<group>"; };
		8FFCE8F21E74242E0036D490 /* NSObject+LSF.h */ = {isa = PBXFileReference; fileEncoding = 4; lastKnownFileType = sourcecode.c.h; path = "NSObject+LSF.h"; sourceTree = "<group>"; };
		8FFCE8F31E74242E0036D490 /* NSObject+LSF.m */ = {isa = PBXFileReference; fileEncoding = 4; lastKnownFileType = sourcecode.c.objc; path = "NSObject+LSF.m"; sourceTree = "<group>"; };
		8FFCE8F41E74242E0036D490 /* NSString+LSF.h */ = {isa = PBXFileReference; fileEncoding = 4; lastKnownFileType = sourcecode.c.h; path = "NSString+LSF.h"; sourceTree = "<group>"; };
		8FFCE8F51E74242E0036D490 /* NSString+LSF.m */ = {isa = PBXFileReference; fileEncoding = 4; lastKnownFileType = sourcecode.c.objc; path = "NSString+LSF.m"; sourceTree = "<group>"; };
		8FFCE8F61E74242E0036D490 /* NSURL+LSF.h */ = {isa = PBXFileReference; fileEncoding = 4; lastKnownFileType = sourcecode.c.h; path = "NSURL+LSF.h"; sourceTree = "<group>"; };
		8FFCE8F71E74242E0036D490 /* NSURL+LSF.m */ = {isa = PBXFileReference; fileEncoding = 4; lastKnownFileType = sourcecode.c.objc; path = "NSURL+LSF.m"; sourceTree = "<group>"; };
		8FFCE8F91E74242E0036D490 /* LSFLog.h */ = {isa = PBXFileReference; fileEncoding = 4; lastKnownFileType = sourcecode.c.h; path = LSFLog.h; sourceTree = "<group>"; };
		8FFCE8FA1E74242E0036D490 /* LSFLogManager.h */ = {isa = PBXFileReference; fileEncoding = 4; lastKnownFileType = sourcecode.c.h; path = LSFLogManager.h; sourceTree = "<group>"; };
		8FFCE8FB1E74242E0036D490 /* LSFLogManager.m */ = {isa = PBXFileReference; fileEncoding = 4; lastKnownFileType = sourcecode.c.objc; path = LSFLogManager.m; sourceTree = "<group>"; };
		8FFCE8FC1E74242E0036D490 /* LSF_AppMacros.h */ = {isa = PBXFileReference; fileEncoding = 4; lastKnownFileType = sourcecode.c.h; path = LSF_AppMacros.h; sourceTree = "<group>"; };
		8FFCE8FE1E74242E0036D490 /* UIDevice+LSF.h */ = {isa = PBXFileReference; fileEncoding = 4; lastKnownFileType = sourcecode.c.h; path = "UIDevice+LSF.h"; sourceTree = "<group>"; };
		8FFCE8FF1E74242E0036D490 /* UIDevice+LSF.m */ = {isa = PBXFileReference; fileEncoding = 4; lastKnownFileType = sourcecode.c.objc; path = "UIDevice+LSF.m"; sourceTree = "<group>"; };
		8FFCE9001E74242E0036D490 /* UIImage+LSF.h */ = {isa = PBXFileReference; fileEncoding = 4; lastKnownFileType = sourcecode.c.h; path = "UIImage+LSF.h"; sourceTree = "<group>"; };
		8FFCE9011E74242E0036D490 /* UIImage+LSF.m */ = {isa = PBXFileReference; fileEncoding = 4; lastKnownFileType = sourcecode.c.objc; path = "UIImage+LSF.m"; sourceTree = "<group>"; };
		8FFCE9021E74242E0036D490 /* UIView+LSF.h */ = {isa = PBXFileReference; fileEncoding = 4; lastKnownFileType = sourcecode.c.h; path = "UIView+LSF.h"; sourceTree = "<group>"; };
		8FFCE9031E74242E0036D490 /* UIView+LSF.m */ = {isa = PBXFileReference; fileEncoding = 4; lastKnownFileType = sourcecode.c.objc; path = "UIView+LSF.m"; sourceTree = "<group>"; };
		8FFCE9041E74242E0036D490 /* UIViewController+LSF.h */ = {isa = PBXFileReference; fileEncoding = 4; lastKnownFileType = sourcecode.c.h; path = "UIViewController+LSF.h"; sourceTree = "<group>"; };
		8FFCE9051E74242E0036D490 /* UIViewController+LSF.m */ = {isa = PBXFileReference; fileEncoding = 4; lastKnownFileType = sourcecode.c.objc; path = "UIViewController+LSF.m"; sourceTree = "<group>"; };
		8FFCE9091E74242E0036D490 /* LSFActionShowModel.h */ = {isa = PBXFileReference; fileEncoding = 4; lastKnownFileType = sourcecode.c.h; path = LSFActionShowModel.h; sourceTree = "<group>"; };
		8FFCE90A1E74242E0036D490 /* LSFActionShowModel.m */ = {isa = PBXFileReference; fileEncoding = 4; lastKnownFileType = sourcecode.c.objc; path = LSFActionShowModel.m; sourceTree = "<group>"; };
		8FFCE90B1E74242E0036D490 /* LSFActionShowViewController.h */ = {isa = PBXFileReference; fileEncoding = 4; lastKnownFileType = sourcecode.c.h; path = LSFActionShowViewController.h; sourceTree = "<group>"; };
		8FFCE90C1E74242E0036D490 /* LSFActionShowViewController.m */ = {isa = PBXFileReference; fileEncoding = 4; lastKnownFileType = sourcecode.c.objc; path = LSFActionShowViewController.m; sourceTree = "<group>"; };
		8FFCE90E1E74242E0036D490 /* LSFActionShowCollectionViewCell.h */ = {isa = PBXFileReference; fileEncoding = 4; lastKnownFileType = sourcecode.c.h; path = LSFActionShowCollectionViewCell.h; sourceTree = "<group>"; };
		8FFCE90F1E74242E0036D490 /* LSFActionShowCollectionViewCell.m */ = {isa = PBXFileReference; fileEncoding = 4; lastKnownFileType = sourcecode.c.objc; path = LSFActionShowCollectionViewCell.m; sourceTree = "<group>"; };
		8FFCE9101E74242E0036D490 /* LSFActionShowTableViewCell.h */ = {isa = PBXFileReference; fileEncoding = 4; lastKnownFileType = sourcecode.c.h; path = LSFActionShowTableViewCell.h; sourceTree = "<group>"; };
		8FFCE9111E74242E0036D490 /* LSFActionShowTableViewCell.m */ = {isa = PBXFileReference; fileEncoding = 4; lastKnownFileType = sourcecode.c.objc; path = LSFActionShowTableViewCell.m; sourceTree = "<group>"; };
		8FFCE9121E74242E0036D490 /* LSFActionShowViewController.storyboard */ = {isa = PBXFileReference; fileEncoding = 4; lastKnownFileType = file.storyboard; path = LSFActionShowViewController.storyboard; sourceTree = "<group>"; };
		8FFCE9151E74242E0036D490 /* LSFNavigationController.h */ = {isa = PBXFileReference; fileEncoding = 4; lastKnownFileType = sourcecode.c.h; path = LSFNavigationController.h; sourceTree = "<group>"; };
		8FFCE9161E74242E0036D490 /* LSFNavigationController.m */ = {isa = PBXFileReference; fileEncoding = 4; lastKnownFileType = sourcecode.c.objc; path = LSFNavigationController.m; sourceTree = "<group>"; };
		8FFCE9171E74242E0036D490 /* LSFShowViewController.h */ = {isa = PBXFileReference; fileEncoding = 4; lastKnownFileType = sourcecode.c.h; path = LSFShowViewController.h; sourceTree = "<group>"; };
		8FFCE9181E74242E0036D490 /* LSFShowViewController.m */ = {isa = PBXFileReference; fileEncoding = 4; lastKnownFileType = sourcecode.c.objc; path = LSFShowViewController.m; sourceTree = "<group>"; };
		8FFCE9191E74242E0036D490 /* LSFTableViewController.h */ = {isa = PBXFileReference; fileEncoding = 4; lastKnownFileType = sourcecode.c.h; path = LSFTableViewController.h; sourceTree = "<group>"; };
		8FFCE91A1E74242E0036D490 /* LSFTableViewController.m */ = {isa = PBXFileReference; fileEncoding = 4; lastKnownFileType = sourcecode.c.objc; path = LSFTableViewController.m; sourceTree = "<group>"; };
		8FFCE91B1E74242E0036D490 /* LSFViewController.h */ = {isa = PBXFileReference; fileEncoding = 4; lastKnownFileType = sourcecode.c.h; path = LSFViewController.h; sourceTree = "<group>"; };
		8FFCE91C1E74242E0036D490 /* LSFViewController.m */ = {isa = PBXFileReference; fileEncoding = 4; lastKnownFileType = sourcecode.c.objc; path = LSFViewController.m; sourceTree = "<group>"; };
		8FFCE9201E74242E0036D490 /* LSFKit.h */ = {isa = PBXFileReference; fileEncoding = 4; lastKnownFileType = sourcecode.c.h; path = LSFKit.h; sourceTree = "<group>"; };
		8FFCE92A1E74242E0036D490 /* LSFCamera.h */ = {isa = PBXFileReference; fileEncoding = 4; lastKnownFileType = sourcecode.c.h; path = LSFCamera.h; sourceTree = "<group>"; };
		8FFCE92B1E74242E0036D490 /* LSFCamera.m */ = {isa = PBXFileReference; fileEncoding = 4; lastKnownFileType = sourcecode.c.objc; path = LSFCamera.m; sourceTree = "<group>"; };
/* End PBXFileReference section */

/* Begin PBXFrameworksBuildPhase section */
		8F7B01351E31DEF2000755A4 /* Frameworks */ = {
			isa = PBXFrameworksBuildPhase;
			buildActionMask = 2147483647;
			files = (
			);
			runOnlyForDeploymentPostprocessing = 0;
		};
/* End PBXFrameworksBuildPhase section */

/* Begin PBXGroup section */
		8F7B012F1E31DEF2000755A4 = {
			isa = PBXGroup;
			children = (
				8FFCE8EB1E74242E0036D490 /* LSFKit */,
				8F7B01441E31DF7E000755A4 /* Info.plist */,
				8F996C841E528DB800988E8A /* LSFKit.podspec */,
				8F7B013A1E31DEF2000755A4 /* Products */,
			);
			sourceTree = "<group>";
		};
		8F7B013A1E31DEF2000755A4 /* Products */ = {
			isa = PBXGroup;
			children = (
				8F7B01391E31DEF2000755A4 /* LSFKit.framework */,
			);
			name = Products;
			sourceTree = "<group>";
		};
		8FFCE8EB1E74242E0036D490 /* LSFKit */ = {
			isa = PBXGroup;
			children = (
				8FFCE8EC1E74242E0036D490 /* Base */,
				8FFCE9061E74242E0036D490 /* LSFClasses */,
				8FFCE9201E74242E0036D490 /* LSFKit.h */,
				8FFCE9281E74242E0036D490 /* Utils */,
			);
			path = LSFKit;
			sourceTree = "<group>";
		};
		8FFCE8EC1E74242E0036D490 /* Base */ = {
			isa = PBXGroup;
			children = (
				8FFCE8ED1E74242E0036D490 /* Foundation */,
				8FFCE8F81E74242E0036D490 /* Log */,
				8FFCE8FC1E74242E0036D490 /* LSF_AppMacros.h */,
				8FFCE8FD1E74242E0036D490 /* UIKit */,
			);
			path = Base;
			sourceTree = "<group>";
		};
		8FFCE8ED1E74242E0036D490 /* Foundation */ = {
			isa = PBXGroup;
			children = (
				8FFCE8EE1E74242E0036D490 /* NSData+LSF.h */,
				8FFCE8EF1E74242E0036D490 /* NSData+LSF.m */,
				8FFCE8F01E74242E0036D490 /* NSDate+LSF.h */,
				8FFCE8F11E74242E0036D490 /* NSDate+LSF.m */,
				8FFCE8F21E74242E0036D490 /* NSObject+LSF.h */,
				8FFCE8F31E74242E0036D490 /* NSObject+LSF.m */,
				8FFCE8F41E74242E0036D490 /* NSString+LSF.h */,
				8FFCE8F51E74242E0036D490 /* NSString+LSF.m */,
				8FFCE8F61E74242E0036D490 /* NSURL+LSF.h */,
				8FFCE8F71E74242E0036D490 /* NSURL+LSF.m */,
			);
			path = Foundation;
			sourceTree = "<group>";
		};
		8FFCE8F81E74242E0036D490 /* Log */ = {
			isa = PBXGroup;
			children = (
				8FFCE8F91E74242E0036D490 /* LSFLog.h */,
				8FFCE8FA1E74242E0036D490 /* LSFLogManager.h */,
				8FFCE8FB1E74242E0036D490 /* LSFLogManager.m */,
			);
			path = Log;
			sourceTree = "<group>";
		};
		8FFCE8FD1E74242E0036D490 /* UIKit */ = {
			isa = PBXGroup;
			children = (
				8FFCE8FE1E74242E0036D490 /* UIDevice+LSF.h */,
				8FFCE8FF1E74242E0036D490 /* UIDevice+LSF.m */,
				8FFCE9001E74242E0036D490 /* UIImage+LSF.h */,
				8FFCE9011E74242E0036D490 /* UIImage+LSF.m */,
				8FFCE9021E74242E0036D490 /* UIView+LSF.h */,
				8FFCE9031E74242E0036D490 /* UIView+LSF.m */,
				8FFCE9041E74242E0036D490 /* UIViewController+LSF.h */,
				8FFCE9051E74242E0036D490 /* UIViewController+LSF.m */,
			);
			path = UIKit;
			sourceTree = "<group>";
		};
		8FFCE9061E74242E0036D490 /* LSFClasses */ = {
			isa = PBXGroup;
			children = (
				8FFCE9071E74242E0036D490 /* Controllers */,
				8FFCE91D1E74242E0036D490 /* Views */,
			);
			path = LSFClasses;
			sourceTree = "<group>";
		};
		8FFCE9071E74242E0036D490 /* Controllers */ = {
			isa = PBXGroup;
			children = (
				8FFCE9081E74242E0036D490 /* ActionShowViewController */,
				8FFCE9151E74242E0036D490 /* LSFNavigationController.h */,
				8FFCE9161E74242E0036D490 /* LSFNavigationController.m */,
				8FFCE9171E74242E0036D490 /* LSFShowViewController.h */,
				8FFCE9181E74242E0036D490 /* LSFShowViewController.m */,
				8FFCE9191E74242E0036D490 /* LSFTableViewController.h */,
				8FFCE91A1E74242E0036D490 /* LSFTableViewController.m */,
				8FFCE91B1E74242E0036D490 /* LSFViewController.h */,
				8FFCE91C1E74242E0036D490 /* LSFViewController.m */,
			);
			path = Controllers;
			sourceTree = "<group>";
		};
		8FFCE9081E74242E0036D490 /* ActionShowViewController */ = {
			isa = PBXGroup;
			children = (
				8FFCE9091E74242E0036D490 /* LSFActionShowModel.h */,
				8FFCE90A1E74242E0036D490 /* LSFActionShowModel.m */,
				8FFCE90B1E74242E0036D490 /* LSFActionShowViewController.h */,
				8FFCE90C1E74242E0036D490 /* LSFActionShowViewController.m */,
				8FFCE90D1E74242E0036D490 /* View */,
			);
			path = ActionShowViewController;
			sourceTree = "<group>";
		};
		8FFCE90D1E74242E0036D490 /* View */ = {
			isa = PBXGroup;
			children = (
				8FFCE90E1E74242E0036D490 /* LSFActionShowCollectionViewCell.h */,
				8FFCE90F1E74242E0036D490 /* LSFActionShowCollectionViewCell.m */,
				8FFCE9101E74242E0036D490 /* LSFActionShowTableViewCell.h */,
				8FFCE9111E74242E0036D490 /* LSFActionShowTableViewCell.m */,
				8FFCE9121E74242E0036D490 /* LSFActionShowViewController.storyboard */,
			);
			path = View;
			sourceTree = "<group>";
		};
		8FFCE91D1E74242E0036D490 /* Views */ = {
			isa = PBXGroup;
			children = (
			);
			path = Views;
			sourceTree = "<group>";
		};
		8FFCE9281E74242E0036D490 /* Utils */ = {
			isa = PBXGroup;
			children = (
				8FFCE9291E74242E0036D490 /* Camera */,
			);
			path = Utils;
			sourceTree = "<group>";
		};
		8FFCE9291E74242E0036D490 /* Camera */ = {
			isa = PBXGroup;
			children = (
				8FFCE92A1E74242E0036D490 /* LSFCamera.h */,
				8FFCE92B1E74242E0036D490 /* LSFCamera.m */,
			);
			path = Camera;
			sourceTree = "<group>";
		};
/* End PBXGroup section */

/* Begin PBXHeadersBuildPhase section */
		8F7B01361E31DEF2000755A4 /* Headers */ = {
			isa = PBXHeadersBuildPhase;
			buildActionMask = 2147483647;
			files = (
				8FFCE9351E74242E0036D490 /* NSString+LSF.h in Headers */,
				8FFCE9331E74242E0036D490 /* NSObject+LSF.h in Headers */,
				8FFCE9501E74242E0036D490 /* LSFNavigationController.h in Headers */,
				8FFCE9371E74242E0036D490 /* NSURL+LSF.h in Headers */,
				8FFCE9411E74242E0036D490 /* UIView+LSF.h in Headers */,
				8FFCE9391E74242E0036D490 /* LSFLog.h in Headers */,
				8FFCE9541E74242E0036D490 /* LSFTableViewController.h in Headers */,
				8FFCE9431E74242E0036D490 /* UIViewController+LSF.h in Headers */,
				8FFCE9521E74242E0036D490 /* LSFShowViewController.h in Headers */,
				8FFCE9451E74242E0036D490 /* LSFActionShowModel.h in Headers */,
				8FFCE9611E74242E0036D490 /* LSFCamera.h in Headers */,
				8FFCE93A1E74242E0036D490 /* LSFLogManager.h in Headers */,
				8FFCE92F1E74242E0036D490 /* NSData+LSF.h in Headers */,
				8FFCE95A1E74242E0036D490 /* LSFKit.h in Headers */,
				8FFCE94B1E74242E0036D490 /* LSFActionShowTableViewCell.h in Headers */,
				8FFCE9311E74242E0036D490 /* NSDate+LSF.h in Headers */,
				8FFCE9471E74242E0036D490 /* LSFActionShowViewController.h in Headers */,
				8FFCE93D1E74242E0036D490 /* UIDevice+LSF.h in Headers */,
				8FFCE9561E74242E0036D490 /* LSFViewController.h in Headers */,
				8FFCE93F1E74242E0036D490 /* UIImage+LSF.h in Headers */,
				8FFCE9491E74242E0036D490 /* LSFActionShowCollectionViewCell.h in Headers */,
				8FFCE93C1E74242E0036D490 /* LSF_AppMacros.h in Headers */,
			);
			runOnlyForDeploymentPostprocessing = 0;
		};
/* End PBXHeadersBuildPhase section */

/* Begin PBXNativeTarget section */
		8F7B01381E31DEF2000755A4 /* LSFKit */ = {
			isa = PBXNativeTarget;
			buildConfigurationList = 8F7B01411E31DEF2000755A4 /* Build configuration list for PBXNativeTarget "LSFKit" */;
			buildPhases = (
				8F7B01341E31DEF2000755A4 /* Sources */,
				8F7B01351E31DEF2000755A4 /* Frameworks */,
				8F7B01361E31DEF2000755A4 /* Headers */,
				8F7B01371E31DEF2000755A4 /* Resources */,
			);
			buildRules = (
			);
			dependencies = (
			);
			name = LSFKit;
			productName = LSFKit;
			productReference = 8F7B01391E31DEF2000755A4 /* LSFKit.framework */;
			productType = "com.apple.product-type.framework";
		};
/* End PBXNativeTarget section */

/* Begin PBXProject section */
		8F7B01301E31DEF2000755A4 /* Project object */ = {
			isa = PBXProject;
			attributes = {
				CLASSPREFIX = LSF;
				LastUpgradeCheck = 0820;
				ORGANIZATIONNAME = ShengfengLee;
				TargetAttributes = {
					8F7B01381E31DEF2000755A4 = {
						CreatedOnToolsVersion = 8.2.1;
						DevelopmentTeam = Y5ZVL3285Y;
						ProvisioningStyle = Automatic;
					};
				};
			};
			buildConfigurationList = 8F7B01331E31DEF2000755A4 /* Build configuration list for PBXProject "LSFKit" */;
			compatibilityVersion = "Xcode 3.2";
			developmentRegion = English;
			hasScannedForEncodings = 0;
			knownRegions = (
				en,
			);
			mainGroup = 8F7B012F1E31DEF2000755A4;
			productRefGroup = 8F7B013A1E31DEF2000755A4 /* Products */;
			projectDirPath = "";
			projectRoot = "";
			targets = (
				8F7B01381E31DEF2000755A4 /* LSFKit */,
			);
		};
/* End PBXProject section */

/* Begin PBXResourcesBuildPhase section */
		8F7B01371E31DEF2000755A4 /* Resources */ = {
			isa = PBXResourcesBuildPhase;
			buildActionMask = 2147483647;
			files = (
				8FFCE94D1E74242E0036D490 /* LSFActionShowViewController.storyboard in Resources */,
				8F7B01451E31DF7E000755A4 /* Info.plist in Resources */,
			);
			runOnlyForDeploymentPostprocessing = 0;
		};
/* End PBXResourcesBuildPhase section */

/* Begin PBXSourcesBuildPhase section */
		8F7B01341E31DEF2000755A4 /* Sources */ = {
			isa = PBXSourcesBuildPhase;
			buildActionMask = 2147483647;
			files = (
				8FFCE9461E74242E0036D490 /* LSFActionShowModel.m in Sources */,
				8FFCE9551E74242E0036D490 /* LSFTableViewController.m in Sources */,
				8FFCE93B1E74242E0036D490 /* LSFLogManager.m in Sources */,
				8FFCE94C1E74242E0036D490 /* LSFActionShowTableViewCell.m in Sources */,
				8FFCE94A1E74242E0036D490 /* LSFActionShowCollectionViewCell.m in Sources */,
				8FFCE9401E74242E0036D490 /* UIImage+LSF.m in Sources */,
				8FFCE9321E74242E0036D490 /* NSDate+LSF.m in Sources */,
				8FFCE9361E74242E0036D490 /* NSString+LSF.m in Sources */,
				8FFCE9571E74242E0036D490 /* LSFViewController.m in Sources */,
				8FFCE9441E74242E0036D490 /* UIViewController+LSF.m in Sources */,
				8FFCE93E1E74242E0036D490 /* UIDevice+LSF.m in Sources */,
				8FFCE9531E74242E0036D490 /* LSFShowViewController.m in Sources */,
				8FFCE9481E74242E0036D490 /* LSFActionShowViewController.m in Sources */,
				8FFCE9421E74242E0036D490 /* UIView+LSF.m in Sources */,
				8FFCE9381E74242E0036D490 /* NSURL+LSF.m in Sources */,
				8FFCE9341E74242E0036D490 /* NSObject+LSF.m in Sources */,
				8FFCE9511E74242E0036D490 /* LSFNavigationController.m in Sources */,
				8FFCE9621E74242E0036D490 /* LSFCamera.m in Sources */,
				8FFCE9301E74242E0036D490 /* NSData+LSF.m in Sources */,
			);
			runOnlyForDeploymentPostprocessing = 0;
		};
/* End PBXSourcesBuildPhase section */

/* Begin XCBuildConfiguration section */
		8F7B013F1E31DEF2000755A4 /* Debug */ = {
			isa = XCBuildConfiguration;
			buildSettings = {
				ALWAYS_SEARCH_USER_PATHS = NO;
				CLANG_ANALYZER_NONNULL = YES;
				CLANG_CXX_LANGUAGE_STANDARD = "gnu++0x";
				CLANG_CXX_LIBRARY = "libc++";
				CLANG_ENABLE_MODULES = YES;
				CLANG_ENABLE_OBJC_ARC = YES;
				CLANG_WARN_BOOL_CONVERSION = YES;
				CLANG_WARN_CONSTANT_CONVERSION = YES;
				CLANG_WARN_DIRECT_OBJC_ISA_USAGE = YES_ERROR;
				CLANG_WARN_DOCUMENTATION_COMMENTS = YES;
				CLANG_WARN_EMPTY_BODY = YES;
				CLANG_WARN_ENUM_CONVERSION = YES;
				CLANG_WARN_INFINITE_RECURSION = YES;
				CLANG_WARN_INT_CONVERSION = YES;
				CLANG_WARN_OBJC_ROOT_CLASS = YES_ERROR;
				CLANG_WARN_SUSPICIOUS_MOVE = YES;
				CLANG_WARN_UNREACHABLE_CODE = YES;
				CLANG_WARN__DUPLICATE_METHOD_MATCH = YES;
				"CODE_SIGN_IDENTITY[sdk=iphoneos*]" = "iPhone Developer";
				COPY_PHASE_STRIP = NO;
				CURRENT_PROJECT_VERSION = 1;
				DEBUG_INFORMATION_FORMAT = dwarf;
				ENABLE_STRICT_OBJC_MSGSEND = YES;
				ENABLE_TESTABILITY = YES;
				GCC_C_LANGUAGE_STANDARD = gnu99;
				GCC_DYNAMIC_NO_PIC = NO;
				GCC_NO_COMMON_BLOCKS = YES;
				GCC_OPTIMIZATION_LEVEL = 0;
				GCC_PREPROCESSOR_DEFINITIONS = (
					"DEBUG=1",
					"$(inherited)",
				);
				GCC_WARN_64_TO_32_BIT_CONVERSION = YES;
				GCC_WARN_ABOUT_RETURN_TYPE = YES_ERROR;
				GCC_WARN_UNDECLARED_SELECTOR = YES;
				GCC_WARN_UNINITIALIZED_AUTOS = YES_AGGRESSIVE;
				GCC_WARN_UNUSED_FUNCTION = YES;
				GCC_WARN_UNUSED_VARIABLE = YES;
				IPHONEOS_DEPLOYMENT_TARGET = 10.2;
				MTL_ENABLE_DEBUG_INFO = YES;
				ONLY_ACTIVE_ARCH = YES;
				SDKROOT = iphoneos;
				TARGETED_DEVICE_FAMILY = "1,2";
				VERSIONING_SYSTEM = "apple-generic";
				VERSION_INFO_PREFIX = "";
			};
			name = Debug;
		};
		8F7B01401E31DEF2000755A4 /* Release */ = {
			isa = XCBuildConfiguration;
			buildSettings = {
				ALWAYS_SEARCH_USER_PATHS = NO;
				CLANG_ANALYZER_NONNULL = YES;
				CLANG_CXX_LANGUAGE_STANDARD = "gnu++0x";
				CLANG_CXX_LIBRARY = "libc++";
				CLANG_ENABLE_MODULES = YES;
				CLANG_ENABLE_OBJC_ARC = YES;
				CLANG_WARN_BOOL_CONVERSION = YES;
				CLANG_WARN_CONSTANT_CONVERSION = YES;
				CLANG_WARN_DIRECT_OBJC_ISA_USAGE = YES_ERROR;
				CLANG_WARN_DOCUMENTATION_COMMENTS = YES;
				CLANG_WARN_EMPTY_BODY = YES;
				CLANG_WARN_ENUM_CONVERSION = YES;
				CLANG_WARN_INFINITE_RECURSION = YES;
				CLANG_WARN_INT_CONVERSION = YES;
				CLANG_WARN_OBJC_ROOT_CLASS = YES_ERROR;
				CLANG_WARN_SUSPICIOUS_MOVE = YES;
				CLANG_WARN_UNREACHABLE_CODE = YES;
				CLANG_WARN__DUPLICATE_METHOD_MATCH = YES;
				"CODE_SIGN_IDENTITY[sdk=iphoneos*]" = "iPhone Developer";
				COPY_PHASE_STRIP = NO;
				CURRENT_PROJECT_VERSION = 1;
				DEBUG_INFORMATION_FORMAT = "dwarf-with-dsym";
				ENABLE_NS_ASSERTIONS = NO;
				ENABLE_STRICT_OBJC_MSGSEND = YES;
				GCC_C_LANGUAGE_STANDARD = gnu99;
				GCC_NO_COMMON_BLOCKS = YES;
				GCC_WARN_64_TO_32_BIT_CONVERSION = YES;
				GCC_WARN_ABOUT_RETURN_TYPE = YES_ERROR;
				GCC_WARN_UNDECLARED_SELECTOR = YES;
				GCC_WARN_UNINITIALIZED_AUTOS = YES_AGGRESSIVE;
				GCC_WARN_UNUSED_FUNCTION = YES;
				GCC_WARN_UNUSED_VARIABLE = YES;
				IPHONEOS_DEPLOYMENT_TARGET = 10.2;
				MTL_ENABLE_DEBUG_INFO = NO;
				SDKROOT = iphoneos;
				TARGETED_DEVICE_FAMILY = "1,2";
				VALIDATE_PRODUCT = YES;
				VERSIONING_SYSTEM = "apple-generic";
				VERSION_INFO_PREFIX = "";
			};
			name = Release;
		};
		8F7B01421E31DEF2000755A4 /* Debug */ = {
			isa = XCBuildConfiguration;
			buildSettings = {
				CODE_SIGN_IDENTITY = "";
				CONFIGURATION_BUILD_DIR = ../Framework/Debug;
				CONFIGURATION_TEMP_DIR = "$(PROJECT_TEMP_DIR)/$(CONFIGURATION)$(EFFECTIVE_PLATFORM_NAME)";
				DEFINES_MODULE = YES;
				DEVELOPMENT_TEAM = Y5ZVL3285Y;
				DYLIB_COMPATIBILITY_VERSION = 1;
				DYLIB_CURRENT_VERSION = 1;
				DYLIB_INSTALL_NAME_BASE = "@rpath";
				INFOPLIST_FILE = Info.plist;
				INSTALL_PATH = "$(LOCAL_LIBRARY_DIR)/Frameworks";
				LD_RUNPATH_SEARCH_PATHS = "$(inherited) @executable_path/Frameworks @loader_path/Frameworks";
				PRODUCT_BUNDLE_IDENTIFIER = ShengfengLee.LSFKit;
				PRODUCT_NAME = "$(TARGET_NAME)";
				SKIP_INSTALL = YES;
			};
			name = Debug;
		};
		8F7B01431E31DEF2000755A4 /* Release */ = {
			isa = XCBuildConfiguration;
			buildSettings = {
				CODE_SIGN_IDENTITY = "";
				CONFIGURATION_TEMP_DIR = "$(PROJECT_TEMP_DIR)/$(CONFIGURATION)$(EFFECTIVE_PLATFORM_NAME)";
				DEFINES_MODULE = YES;
				DEVELOPMENT_TEAM = Y5ZVL3285Y;
				DYLIB_COMPATIBILITY_VERSION = 1;
				DYLIB_CURRENT_VERSION = 1;
				DYLIB_INSTALL_NAME_BASE = "@rpath";
				INFOPLIST_FILE = Info.plist;
				INSTALL_PATH = "$(LOCAL_LIBRARY_DIR)/Frameworks";
				LD_RUNPATH_SEARCH_PATHS = "$(inherited) @executable_path/Frameworks @loader_path/Frameworks";
				PRODUCT_BUNDLE_IDENTIFIER = ShengfengLee.LSFKit;
				PRODUCT_NAME = "$(TARGET_NAME)";
				SKIP_INSTALL = YES;
			};
			name = Release;
		};
/* End XCBuildConfiguration section */

/* Begin XCConfigurationList section */
		8F7B01331E31DEF2000755A4 /* Build configuration list for PBXProject "LSFKit" */ = {
			isa = XCConfigurationList;
			buildConfigurations = (
				8F7B013F1E31DEF2000755A4 /* Debug */,
				8F7B01401E31DEF2000755A4 /* Release */,
			);
			defaultConfigurationIsVisible = 0;
			defaultConfigurationName = Release;
		};
		8F7B01411E31DEF2000755A4 /* Build configuration list for PBXNativeTarget "LSFKit" */ = {
			isa = XCConfigurationList;
			buildConfigurations = (
				8F7B01421E31DEF2000755A4 /* Debug */,
				8F7B01431E31DEF2000755A4 /* Release */,
			);
			defaultConfigurationIsVisible = 0;
			defaultConfigurationName = Release;
		};
/* End XCConfigurationList section */
	};
	rootObject = 8F7B01301E31DEF2000755A4 /* Project object */;
}
